
Microsoft Visual Studio Solution File, Format Version 12.00
Project("{FAE04EC0-301F-11D3-BF4B-00C04F79EFBC}") = "ImplicitOperatorTest", "ImplicitOperatorTest\ImplicitOperatorTest.csproj", "{F9D69804-CC51-4064-9751-1807107ABDC3}"
EndProject
Project("{FAE04EC0-301F-11D3-BF4B-00C04F79EFBC}") = "ImplicitOperatorTestTests", "ImplicitOperatorTestTests\ImplicitOperatorTestTests.csproj", "{93D38B2A-2B5D-4F2A-9991-D397B62D97BC}"
EndProject
Global
	GlobalSection(SolutionConfigurationPlatforms) = preSolution
		Debug|Any CPU = Debug|Any CPU
		Release|Any CPU = Release|Any CPU
	EndGlobalSection
	GlobalSection(ProjectConfigurationPlatforms) = postSolution
		{F9D69804-CC51-4064-9751-1807107ABDC3}.Debug|Any CPU.ActiveCfg = Debug|Any CPU
		{F9D69804-CC51-4064-9751-1807107ABDC3}.Debug|Any CPU.Build.0 = Debug|Any CPU
		{F9D69804-CC51-4064-9751-1807107ABDC3}.Release|Any CPU.ActiveCfg = Release|Any CPU
		{F9D69804-CC51-4064-9751-1807107ABDC3}.Release|Any CPU.Build.0 = Release|Any CPU
		{93D38B2A-2B5D-4F2A-9991-D397B62D97BC}.Debug|Any CPU.ActiveCfg = Debug|Any CPU
		{93D38B2A-2B5D-4F2A-9991-D397B62D97BC}.Debug|Any CPU.Build.0 = Debug|Any CPU
		{93D38B2A-2B5D-4F2A-9991-D397B62D97BC}.Release|Any CPU.ActiveCfg = Release|Any CPU
		{93D38B2A-2B5D-4F2A-9991-D397B62D97BC}.Release|Any CPU.Build.0 = Release|Any CPU
	EndGlobalSection
EndGlobal
